
Microsoft Visual Studio Solution File, Format Version 12.00
# Visual Studio Version 17
VisualStudioVersion = 17.5.002.0
MinimumVisualStudioVersion = 10.0.40219.1
Project("{2150E333-8FDC-42A3-9474-1A3956D46DE8}") = "csharp-prep", "csharp-prep", "{81606EB3-376C-49F7-A501-3A935FA1D601}"
EndProject
Project("{9A19103F-16F7-4668-BE54-9A1E7A4F7556}") = "Prep1", "csharp-prep\Prep1\Prep1.csproj", "{1FF14E43-8505-45B9-AD0C-910B8AF38C0D}"
EndProject
Project("{9A19103F-16F7-4668-BE54-9A1E7A4F7556}") = "Prep2", "csharp-prep\Prep2\Prep2.csproj", "{55E88581-EC82-49E9-8672-0F24D7C31F8A}"
EndProject
Project("{9A19103F-16F7-4668-BE54-9A1E7A4F7556}") = "Prep3", "csharp-prep\Prep3\Prep3.csproj", "{937FF753-4230-4A1F-B59D-B914BED652C8}"
EndProject
Project("{9A19103F-16F7-4668-BE54-9A1E7A4F7556}") = "Prep4", "csharp-prep\Prep4\Prep4.csproj", "{EF4ECC27-F06B-4B9A-882B-69E43C4E7C2E}"
EndProject
Project("{9A19103F-16F7-4668-BE54-9A1E7A4F7556}") = "Prep5", "csharp-prep\Prep5\Prep5.csproj", "{AB7A2D12-7086-4DA2-8546-E55137F7FC59}"
EndProject
Project("{2150E333-8FDC-42A3-9474-1A3956D46DE8}") = "final", "final", "{219F8D9F-E45B-4A46-BEEF-E23E4AAC25B5}"
EndProject
Project("{9A19103F-16F7-4668-BE54-9A1E7A4F7556}") = "FinalProject", "final\FinalProject\FinalProject.csproj", "{9460F86E-02BB-4F06-8793-DB8C4B2D8149}"
EndProject
Project("{9A19103F-16F7-4668-BE54-9A1E7A4F7556}") = "Foundation1", "final\Foundation1\Foundation1.csproj", "{A1DC1931-6F49-4522-A0F4-E2814F0248B0}"
EndProject
Project("{9A19103F-16F7-4668-BE54-9A1E7A4F7556}") = "Foundation2", "final\Foundation2\Foundation2.csproj", "{26EBA3AE-81E5-4970-BC14-5277FC8F929E}"
EndProject
Project("{9A19103F-16F7-4668-BE54-9A1E7A4F7556}") = "Foundation3", "final\Foundation3\Foundation3.csproj", "{CCF20F5A-6E75-4667-8C4A-90008730EDF2}"
EndProject
Project("{9A19103F-16F7-4668-BE54-9A1E7A4F7556}") = "Foundation4", "final\Foundation4\Foundation4.csproj", "{7C95BEE9-BB1F-43D4-A307-FE962EC4A113}"
EndProject
Project("{2150E333-8FDC-42A3-9474-1A3956D46DE8}") = "prepare", "prepare", "{AF2A0C8C-143F-4B26-AEC9-0DAB3CCEEDC6}"
EndProject
Project("{9A19103F-16F7-4668-BE54-9A1E7A4F7556}") = "Learning02", "prepare\Learning02\Learning02.csproj", "{09C20D49-3729-425E-8ADE-69EFEFCB1D13}"
EndProject
Project("{9A19103F-16F7-4668-BE54-9A1E7A4F7556}") = "Learning03", "prepare\Learning03\Learning03.csproj", "{5E901435-1F87-4EA1-BCB5-8C4C1323BCAA}"
EndProject
Project("{9A19103F-16F7-4668-BE54-9A1E7A4F7556}") = "Learning04", "prepare\Learning04\Learning04.csproj", "{5C0669A8-815A-45A5-8568-40AFAC463D5C}"
EndProject
Project("{9A19103F-16F7-4668-BE54-9A1E7A4F7556}") = "Learning05", "prepare\Learning05\Learning05.csproj", "{693AA5F8-F2FA-4724-A4EB-EC32C3E3A902}"
EndProject
Project("{2150E333-8FDC-42A3-9474-1A3956D46DE8}") = "prove", "prove", "{77E336B8-531C-4276-A4A5-296CF32FB126}"
EndProject
Project("{9A19103F-16F7-4668-BE54-9A1E7A4F7556}") = "Develop02", "prove\Develop02\Develop02.csproj", "{5D1AF333-0216-4304-BA6C-A099A8F147C6}"
EndProject
Project("{9A19103F-16F7-4668-BE54-9A1E7A4F7556}") = "Develop03", "prove\Develop03\Develop03.csproj", "{3BCA46FD-7C27-4CC0-B028-C8701781DBC6}"
EndProject
Project("{9A19103F-16F7-4668-BE54-9A1E7A4F7556}") = "Develop04", "prove\Develop04\Develop04.csproj", "{3EC635AD-29CF-4DFF-B40E-F1D452298B0E}"
EndProject
Project("{9A19103F-16F7-4668-BE54-9A1E7A4F7556}") = "Develop05", "prove\Develop05\Develop05.csproj", "{71160E54-86A2-464E-9318-7F8C53B96699}"
EndProject
Project("{2150E333-8FDC-42A3-9474-1A3956D46DE8}") = "sandbox", "sandbox", "{FCD72EF3-C472-495C-A600-CFB8A22A1A89}"
EndProject
Project("{9A19103F-16F7-4668-BE54-9A1E7A4F7556}") = "Sandbox", "sandbox\Sandbox\Sandbox.csproj", "{53EEAE41-5AB5-495A-936A-58C3E2F6A34F}"
EndProject
Global
	GlobalSection(SolutionConfigurationPlatforms) = preSolution
		Debug|Any CPU = Debug|Any CPU
		Release|Any CPU = Release|Any CPU
	EndGlobalSection
	GlobalSection(ProjectConfigurationPlatforms) = postSolution
		{1FF14E43-8505-45B9-AD0C-910B8AF38C0D}.Debug|Any CPU.ActiveCfg = Debug|Any CPU
		{1FF14E43-8505-45B9-AD0C-910B8AF38C0D}.Debug|Any CPU.Build.0 = Debug|Any CPU
		{1FF14E43-8505-45B9-AD0C-910B8AF38C0D}.Release|Any CPU.ActiveCfg = Release|Any CPU
		{1FF14E43-8505-45B9-AD0C-910B8AF38C0D}.Release|Any CPU.Build.0 = Release|Any CPU
		{55E88581-EC82-49E9-8672-0F24D7C31F8A}.Debug|Any CPU.ActiveCfg = Debug|Any CPU
		{55E88581-EC82-49E9-8672-0F24D7C31F8A}.Debug|Any CPU.Build.0 = Debug|Any CPU
		{55E88581-EC82-49E9-8672-0F24D7C31F8A}.Release|Any CPU.ActiveCfg = Release|Any CPU
		{55E88581-EC82-49E9-8672-0F24D7C31F8A}.Release|Any CPU.Build.0 = Release|Any CPU
		{937FF753-4230-4A1F-B59D-B914BED652C8}.Debug|Any CPU.ActiveCfg = Debug|Any CPU
		{937FF753-4230-4A1F-B59D-B914BED652C8}.Debug|Any CPU.Build.0 = Debug|Any CPU
		{937FF753-4230-4A1F-B59D-B914BED652C8}.Release|Any CPU.ActiveCfg = Release|Any CPU
		{937FF753-4230-4A1F-B59D-B914BED652C8}.Release|Any CPU.Build.0 = Release|Any CPU
		{EF4ECC27-F06B-4B9A-882B-69E43C4E7C2E}.Debug|Any CPU.ActiveCfg = Debug|Any CPU
		{EF4ECC27-F06B-4B9A-882B-69E43C4E7C2E}.Debug|Any CPU.Build.0 = Debug|Any CPU
		{EF4ECC27-F06B-4B9A-882B-69E43C4E7C2E}.Release|Any CPU.ActiveCfg = Release|Any CPU
		{EF4ECC27-F06B-4B9A-882B-69E43C4E7C2E}.Release|Any CPU.Build.0 = Release|Any CPU
		{AB7A2D12-7086-4DA2-8546-E55137F7FC59}.Debug|Any CPU.ActiveCfg = Debug|Any CPU
		{AB7A2D12-7086-4DA2-8546-E55137F7FC59}.Debug|Any CPU.Build.0 = Debug|Any CPU
		{AB7A2D12-7086-4DA2-8546-E55137F7FC59}.Release|Any CPU.ActiveCfg = Release|Any CPU
		{AB7A2D12-7086-4DA2-8546-E55137F7FC59}.Release|Any CPU.Build.0 = Release|Any CPU
		{9460F86E-02BB-4F06-8793-DB8C4B2D8149}.Debug|Any CPU.ActiveCfg = Debug|Any CPU
		{9460F86E-02BB-4F06-8793-DB8C4B2D8149}.Debug|Any CPU.Build.0 = Debug|Any CPU
		{9460F86E-02BB-4F06-8793-DB8C4B2D8149}.Release|Any CPU.ActiveCfg = Release|Any CPU
		{9460F86E-02BB-4F06-8793-DB8C4B2D8149}.Release|Any CPU.Build.0 = Release|Any CPU
		{A1DC1931-6F49-4522-A0F4-E2814F0248B0}.Debug|Any CPU.ActiveCfg = Debug|Any CPU
		{A1DC1931-6F49-4522-A0F4-E2814F0248B0}.Debug|Any CPU.Build.0 = Debug|Any CPU
		{A1DC1931-6F49-4522-A0F4-E2814F0248B0}.Release|Any CPU.ActiveCfg = Release|Any CPU
		{A1DC1931-6F49-4522-A0F4-E2814F0248B0}.Release|Any CPU.Build.0 = Release|Any CPU
		{26EBA3AE-81E5-4970-BC14-5277FC8F929E}.Debug|Any CPU.ActiveCfg = Debug|Any CPU
		{26EBA3AE-81E5-4970-BC14-5277FC8F929E}.Debug|Any CPU.Build.0 = Debug|Any CPU
		{26EBA3AE-81E5-4970-BC14-5277FC8F929E}.Release|Any CPU.ActiveCfg = Release|Any CPU
		{26EBA3AE-81E5-4970-BC14-5277FC8F929E}.Release|Any CPU.Build.0 = Release|Any CPU
		{CCF20F5A-6E75-4667-8C4A-90008730EDF2}.Debug|Any CPU.ActiveCfg = Debug|Any CPU
		{CCF20F5A-6E75-4667-8C4A-90008730EDF2}.Debug|Any CPU.Build.0 = Debug|Any CPU
		{CCF20F5A-6E75-4667-8C4A-90008730EDF2}.Release|Any CPU.ActiveCfg = Release|Any CPU
		{CCF20F5A-6E75-4667-8C4A-90008730EDF2}.Release|Any CPU.Build.0 = Release|Any CPU
		{7C95BEE9-BB1F-43D4-A307-FE962EC4A113}.Debug|Any CPU.ActiveCfg = Debug|Any CPU
		{7C95BEE9-BB1F-43D4-A307-FE962EC4A113}.Debug|Any CPU.Build.0 = Debug|Any CPU
		{7C95BEE9-BB1F-43D4-A307-FE962EC4A113}.Release|Any CPU.ActiveCfg = Release|Any CPU
		{7C95BEE9-BB1F-43D4-A307-FE962EC4A113}.Release|Any CPU.Build.0 = Release|Any CPU
		{09C20D49-3729-425E-8ADE-69EFEFCB1D13}.Debug|Any CPU.ActiveCfg = Debug|Any CPU
		{09C20D49-3729-425E-8ADE-69EFEFCB1D13}.Debug|Any CPU.Build.0 = Debug|Any CPU
		{09C20D49-3729-425E-8ADE-69EFEFCB1D13}.Release|Any CPU.ActiveCfg = Release|Any CPU
		{09C20D49-3729-425E-8ADE-69EFEFCB1D13}.Release|Any CPU.Build.0 = Release|Any CPU
		{5E901435-1F87-4EA1-BCB5-8C4C1323BCAA}.Debug|Any CPU.ActiveCfg = Debug|Any CPU
		{5E901435-1F87-4EA1-BCB5-8C4C1323BCAA}.Debug|Any CPU.Build.0 = Debug|Any CPU
		{5E901435-1F87-4EA1-BCB5-8C4C1323BCAA}.Release|Any CPU.ActiveCfg = Release|Any CPU
		{5E901435-1F87-4EA1-BCB5-8C4C1323BCAA}.Release|Any CPU.Build.0 = Release|Any CPU
		{5C0669A8-815A-45A5-8568-40AFAC463D5C}.Debug|Any CPU.ActiveCfg = Debug|Any CPU
		{5C0669A8-815A-45A5-8568-40AFAC463D5C}.Debug|Any CPU.Build.0 = Debug|Any CPU
		{5C0669A8-815A-45A5-8568-40AFAC463D5C}.Release|Any CPU.ActiveCfg = Release|Any CPU
		{5C0669A8-815A-45A5-8568-40AFAC463D5C}.Release|Any CPU.Build.0 = Release|Any CPU
		{693AA5F8-F2FA-4724-A4EB-EC32C3E3A902}.Debug|Any CPU.ActiveCfg = Debug|Any CPU
		{693AA5F8-F2FA-4724-A4EB-EC32C3E3A902}.Debug|Any CPU.Build.0 = Debug|Any CPU
		{693AA5F8-F2FA-4724-A4EB-EC32C3E3A902}.Release|Any CPU.ActiveCfg = Release|Any CPU
		{693AA5F8-F2FA-4724-A4EB-EC32C3E3A902}.Release|Any CPU.Build.0 = Release|Any CPU
		{5D1AF333-0216-4304-BA6C-A099A8F147C6}.Debug|Any CPU.ActiveCfg = Debug|Any CPU
		{5D1AF333-0216-4304-BA6C-A099A8F147C6}.Debug|Any CPU.Build.0 = Debug|Any CPU
		{5D1AF333-0216-4304-BA6C-A099A8F147C6}.Release|Any CPU.ActiveCfg = Release|Any CPU
		{5D1AF333-0216-4304-BA6C-A099A8F147C6}.Release|Any CPU.Build.0 = Release|Any CPU
		{3BCA46FD-7C27-4CC0-B028-C8701781DBC6}.Debug|Any CPU.ActiveCfg = Debug|Any CPU
		{3BCA46FD-7C27-4CC0-B028-C8701781DBC6}.Debug|Any CPU.Build.0 = Debug|Any CPU
		{3BCA46FD-7C27-4CC0-B028-C8701781DBC6}.Release|Any CPU.ActiveCfg = Release|Any CPU
		{3BCA46FD-7C27-4CC0-B028-C8701781DBC6}.Release|Any CPU.Build.0 = Release|Any CPU
		{3EC635AD-29CF-4DFF-B40E-F1D452298B0E}.Debug|Any CPU.ActiveCfg = Debug|Any CPU
		{3EC635AD-29CF-4DFF-B40E-F1D452298B0E}.Debug|Any CPU.Build.0 = Debug|Any CPU
		{3EC635AD-29CF-4DFF-B40E-F1D452298B0E}.Release|Any CPU.ActiveCfg = Release|Any CPU
		{3EC635AD-29CF-4DFF-B40E-F1D452298B0E}.Release|Any CPU.Build.0 = Release|Any CPU
		{71160E54-86A2-464E-9318-7F8C53B96699}.Debug|Any CPU.ActiveCfg = Debug|Any CPU
		{71160E54-86A2-464E-9318-7F8C53B96699}.Debug|Any CPU.Build.0 = Debug|Any CPU
		{71160E54-86A2-464E-9318-7F8C53B96699}.Release|Any CPU.ActiveCfg = Release|Any CPU
		{71160E54-86A2-464E-9318-7F8C53B96699}.Release|Any CPU.Build.0 = Release|Any CPU
		{53EEAE41-5AB5-495A-936A-58C3E2F6A34F}.Debug|Any CPU.ActiveCfg = Debug|Any CPU
		{53EEAE41-5AB5-495A-936A-58C3E2F6A34F}.Debug|Any CPU.Build.0 = Debug|Any CPU
		{53EEAE41-5AB5-495A-936A-58C3E2F6A34F}.Release|Any CPU.ActiveCfg = Release|Any CPU
		{53EEAE41-5AB5-495A-936A-58C3E2F6A34F}.Release|Any CPU.Build.0 = Release|Any CPU
	EndGlobalSection
	GlobalSection(SolutionProperties) = preSolution
		HideSolutionNode = FALSE
	EndGlobalSection
	GlobalSection(NestedProjects) = preSolution
		{1FF14E43-8505-45B9-AD0C-910B8AF38C0D} = {81606EB3-376C-49F7-A501-3A935FA1D601}
		{55E88581-EC82-49E9-8672-0F24D7C31F8A} = {81606EB3-376C-49F7-A501-3A935FA1D601}
		{937FF753-4230-4A1F-B59D-B914BED652C8} = {81606EB3-376C-49F7-A501-3A935FA1D601}
		{EF4ECC27-F06B-4B9A-882B-69E43C4E7C2E} = {81606EB3-376C-49F7-A501-3A935FA1D601}
		{AB7A2D12-7086-4DA2-8546-E55137F7FC59} = {81606EB3-376C-49F7-A501-3A935FA1D601}
		{9460F86E-02BB-4F06-8793-DB8C4B2D8149} = {219F8D9F-E45B-4A46-BEEF-E23E4AAC25B5}
		{A1DC1931-6F49-4522-A0F4-E2814F0248B0} = {219F8D9F-E45B-4A46-BEEF-E23E4AAC25B5}
		{26EBA3AE-81E5-4970-BC14-5277FC8F929E} = {219F8D9F-E45B-4A46-BEEF-E23E4AAC25B5}
		{CCF20F5A-6E75-4667-8C4A-90008730EDF2} = {219F8D9F-E45B-4A46-BEEF-E23E4AAC25B5}
		{7C95BEE9-BB1F-43D4-A307-FE962EC4A113} = {219F8D9F-E45B-4A46-BEEF-E23E4AAC25B5}
		{09C20D49-3729-425E-8ADE-69EFEFCB1D13} = {AF2A0C8C-143F-4B26-AEC9-0DAB3CCEEDC6}
		{5E901435-1F87-4EA1-BCB5-8C4C1323BCAA} = {AF2A0C8C-143F-4B26-AEC9-0DAB3CCEEDC6}
		{5C0669A8-815A-45A5-8568-40AFAC463D5C} = {AF2A0C8C-143F-4B26-AEC9-0DAB3CCEEDC6}
		{693AA5F8-F2FA-4724-A4EB-EC32C3E3A902} = {AF2A0C8C-143F-4B26-AEC9-0DAB3CCEEDC6}
		{5D1AF333-0216-4304-BA6C-A099A8F147C6} = {77E336B8-531C-4276-A4A5-296CF32FB126}
		{3BCA46FD-7C27-4CC0-B028-C8701781DBC6} = {77E336B8-531C-4276-A4A5-296CF32FB126}
		{3EC635AD-29CF-4DFF-B40E-F1D452298B0E} = {77E336B8-531C-4276-A4A5-296CF32FB126}
		{71160E54-86A2-464E-9318-7F8C53B96699} = {77E336B8-531C-4276-A4A5-296CF32FB126}
		{53EEAE41-5AB5-495A-936A-58C3E2F6A34F} = {FCD72EF3-C472-495C-A600-CFB8A22A1A89}
	EndGlobalSection
	GlobalSection(ExtensibilityGlobals) = postSolution
		SolutionGuid = {9090F11C-A1E9-4ED3-9839-1281C229E184}
	EndGlobalSection
EndGlobal
